
Microsoft Visual Studio Solution File, Format Version 12.00
# Visual Studio Version 17
VisualStudioVersion = 17.13.35913.81 d17.13
MinimumVisualStudioVersion = 10.0.40219.1
Project("{FAE04EC0-301F-11D3-BF4B-00C04F79EFBC}") = "MyContacts", "MyContacts\MyContacts.csproj", "{FF6D2639-0842-4116-B889-F34D754CEE6F}"
EndProject
Global
	GlobalSection(SolutionConfigurationPlatforms) = preSolution
		Debug|Any CPU = Debug|Any CPU
		Release|Any CPU = Release|Any CPU
	EndGlobalSection
	GlobalSection(ProjectConfigurationPlatforms) = postSolution
		{FF6D2639-0842-4116-B889-F34D754CEE6F}.Debug|Any CPU.ActiveCfg = Debug|Any CPU
		{FF6D2639-0842-4116-B889-F34D754CEE6F}.Debug|Any CPU.Build.0 = Debug|Any CPU
		{FF6D2639-0842-4116-B889-F34D754CEE6F}.Release|Any CPU.ActiveCfg = Release|Any CPU
		{FF6D2639-0842-4116-B889-F34D754CEE6F}.Release|Any CPU.Build.0 = Release|Any CPU
	EndGlobalSection
	GlobalSection(SolutionProperties) = preSolution
		HideSolutionNode = FALSE
	EndGlobalSection
	GlobalSection(ExtensibilityGlobals) = postSolution
		SolutionGuid = {153D677F-6666-4B4C-902D-7D04E2CEA3B8}
	EndGlobalSection
EndGlobal
